// !$*UTF8*$!
{
	archiveVersion = 1;
	classes = {
	};
	objectVersion = 77;
	objects = {

/* Begin PBXBuildFile section */
		188BB691B496EC9D0DE7D495 /* CalendarService.swift in Sources */ = {isa = PBXBuildFile; fileRef = 53400360A2B288AE7121E137 /* CalendarService.swift */; };
		18B68921319D2AD89748C74B /* PlanoteApp.swift in Sources */ = {isa = PBXBuildFile; fileRef = 877377DE8FCE5D9A85636378 /* PlanoteApp.swift */; };
		3D2D3905529A87AAB60BD6CA /* PlanoteAPIClient.swift in Sources */ = {isa = PBXBuildFile; fileRef = ECEC3F583D26E5B92EBC2B9D /* PlanoteAPIClient.swift */; };
		3DDAED37C9D02822DD442687 /* ScheduleItem.swift in Sources */ = {isa = PBXBuildFile; fileRef = 92E7736F66CD281DBBD3DD6F /* ScheduleItem.swift */; };
		5283149131FF794D4629741B /* HomeView.swift in Sources */ = {isa = PBXBuildFile; fileRef = 306507351E5D168AD91C0DC1 /* HomeView.swift */; };
		60D826C3D9A3DC96EC1099B5 /* APIModels.swift in Sources */ = {isa = PBXBuildFile; fileRef = C813DE015DA19DD21DC2C6D8 /* APIModels.swift */; };
		653EE0CF81DA700077AEBF7F /* PlanoteShare.appex in Embed Foundation Extensions */ = {isa = PBXBuildFile; fileRef = C608A305BA7B18B32A44B9C8 /* PlanoteShare.appex */; settings = {ATTRIBUTES = (RemoveHeadersOnCopy, ); }; };
		81DFAE8CDD34629932C112BC /* ShareViewController.swift in Sources */ = {isa = PBXBuildFile; fileRef = 968DC1AEF8269F45FB5F91CB /* ShareViewController.swift */; };
		98AC763D7621BF0BDC3189AF /* ScanView.swift in Sources */ = {isa = PBXBuildFile; fileRef = 8BB5655E8B60BB8C7EC1DA0F /* ScanView.swift */; };
		B1E33C0E5686E27E8C9141C9 /* Components.swift in Sources */ = {isa = PBXBuildFile; fileRef = 3E340AD323ADFDAF3816F19E /* Components.swift */; };
		D677B13EC0DDB63A4F6CD8AD /* ReviewView.swift in Sources */ = {isa = PBXBuildFile; fileRef = 953CE4F021178A076180CAD6 /* ReviewView.swift */; };
		DCB5E7EEF574D8C592F1B29D /* Assets.xcassets in Resources */ = {isa = PBXBuildFile; fileRef = A4505414263CA76E374362A4 /* Assets.xcassets */; };
		E808734AB5D47B99BC726F46 /* CalendarView.swift in Sources */ = {isa = PBXBuildFile; fileRef = CA7298EEC2CB1ED5575A05D3 /* CalendarView.swift */; };
		E8ED51B4C40BF5B19EF0EA37 /* PlanoteTheme.swift in Sources */ = {isa = PBXBuildFile; fileRef = 8A8AFB4BDDB9EFDC92A11EC4 /* PlanoteTheme.swift */; };
		FFFB4DE5F848830BDE4F7577 /* ContentView.swift in Sources */ = {isa = PBXBuildFile; fileRef = 426DE661D8374CBB90445835 /* ContentView.swift */; };
/* End PBXBuildFile section */

/* Begin PBXContainerItemProxy section */
		2E26DE3D4580A698D70D3567 /* PBXContainerItemProxy */ = {
			isa = PBXContainerItemProxy;
			containerPortal = AB4BE2975F31353A260FBE4F /* Project object */;
			proxyType = 1;
			remoteGlobalIDString = 8BF39BC47ADB0F1EB5633EC1;
			remoteInfo = PlanoteShare;
		};
/* End PBXContainerItemProxy section */

/* Begin PBXCopyFilesBuildPhase section */
		E5E0315489CB45A57E9E3590 /* Embed Foundation Extensions */ = {
			isa = PBXCopyFilesBuildPhase;
			buildActionMask = 2147483647;
			dstPath = "";
			dstSubfolderSpec = 13;
			files = (
				653EE0CF81DA700077AEBF7F /* PlanoteShare.appex in Embed Foundation Extensions */,
			);
			name = "Embed Foundation Extensions";
			runOnlyForDeploymentPostprocessing = 0;
		};
/* End PBXCopyFilesBuildPhase section */

/* Begin PBXFileReference section */
		069FFB1662CAD2C13EE34C50 /* Info.plist */ = {isa = PBXFileReference; lastKnownFileType = text.plist; path = Info.plist; sourceTree = "<group>"; };
		1336854DD28B48DE3911DDEB /* Info.plist */ = {isa = PBXFileReference; lastKnownFileType = text.plist; path = Info.plist; sourceTree = "<group>"; };
		306507351E5D168AD91C0DC1 /* HomeView.swift */ = {isa = PBXFileReference; lastKnownFileType = sourcecode.swift; path = HomeView.swift; sourceTree = "<group>"; };
		3E340AD323ADFDAF3816F19E /* Components.swift */ = {isa = PBXFileReference; lastKnownFileType = sourcecode.swift; path = Components.swift; sourceTree = "<group>"; };
		426DE661D8374CBB90445835 /* ContentView.swift */ = {isa = PBXFileReference; lastKnownFileType = sourcecode.swift; path = ContentView.swift; sourceTree = "<group>"; };
		53400360A2B288AE7121E137 /* CalendarService.swift */ = {isa = PBXFileReference; lastKnownFileType = sourcecode.swift; path = CalendarService.swift; sourceTree = "<group>"; };
		5509075BCC2BB62DC64A27DD /* PlanoteShare.entitlements */ = {isa = PBXFileReference; lastKnownFileType = text.plist.entitlements; path = PlanoteShare.entitlements; sourceTree = "<group>"; };
		69A8C5E23BC8ECCE920BD49D /* Planote.entitlements */ = {isa = PBXFileReference; lastKnownFileType = text.plist.entitlements; path = Planote.entitlements; sourceTree = "<group>"; };
		877377DE8FCE5D9A85636378 /* PlanoteApp.swift */ = {isa = PBXFileReference; lastKnownFileType = sourcecode.swift; path = PlanoteApp.swift; sourceTree = "<group>"; };
		8A8AFB4BDDB9EFDC92A11EC4 /* PlanoteTheme.swift */ = {isa = PBXFileReference; lastKnownFileType = sourcecode.swift; path = PlanoteTheme.swift; sourceTree = "<group>"; };
		8BB5655E8B60BB8C7EC1DA0F /* ScanView.swift */ = {isa = PBXFileReference; lastKnownFileType = sourcecode.swift; path = ScanView.swift; sourceTree = "<group>"; };
		92E7736F66CD281DBBD3DD6F /* ScheduleItem.swift */ = {isa = PBXFileReference; lastKnownFileType = sourcecode.swift; path = ScheduleItem.swift; sourceTree = "<group>"; };
		953CE4F021178A076180CAD6 /* ReviewView.swift */ = {isa = PBXFileReference; lastKnownFileType = sourcecode.swift; path = ReviewView.swift; sourceTree = "<group>"; };
		968DC1AEF8269F45FB5F91CB /* ShareViewController.swift */ = {isa = PBXFileReference; lastKnownFileType = sourcecode.swift; path = ShareViewController.swift; sourceTree = "<group>"; };
		A4505414263CA76E374362A4 /* Assets.xcassets */ = {isa = PBXFileReference; lastKnownFileType = folder.assetcatalog; path = Assets.xcassets; sourceTree = "<group>"; };
		B4CA4AE02D1FD7480B7DD4B7 /* Planote.app */ = {isa = PBXFileReference; explicitFileType = wrapper.application; includeInIndex = 0; path = Planote.app; sourceTree = BUILT_PRODUCTS_DIR; };
		C608A305BA7B18B32A44B9C8 /* PlanoteShare.appex */ = {isa = PBXFileReference; explicitFileType = "wrapper.app-extension"; includeInIndex = 0; path = PlanoteShare.appex; sourceTree = BUILT_PRODUCTS_DIR; };
		C813DE015DA19DD21DC2C6D8 /* APIModels.swift */ = {isa = PBXFileReference; lastKnownFileType = sourcecode.swift; path = APIModels.swift; sourceTree = "<group>"; };
		CA7298EEC2CB1ED5575A05D3 /* CalendarView.swift */ = {isa = PBXFileReference; lastKnownFileType = sourcecode.swift; path = CalendarView.swift; sourceTree = "<group>"; };
		ECEC3F583D26E5B92EBC2B9D /* PlanoteAPIClient.swift */ = {isa = PBXFileReference; lastKnownFileType = sourcecode.swift; path = PlanoteAPIClient.swift; sourceTree = "<group>"; };
/* End PBXFileReference section */

/* Begin PBXGroup section */
		5AEAA81BCF5814AF86170B6A /* Theme */ = {
			isa = PBXGroup;
			children = (
				8A8AFB4BDDB9EFDC92A11EC4 /* PlanoteTheme.swift */,
			);
			path = Theme;
			sourceTree = "<group>";
		};
		62DA2D06A079FBB44F3425BB = {
			isa = PBXGroup;
			children = (
				79B7762A0B5F859D6B223D41 /* Planote */,
				C8CA227DC36F8990E15B7D5C /* PlanoteShare */,
				6EED11B22A0A2AE5D05EFF57 /* Products */,
			);
			sourceTree = "<group>";
		};
		66AA1CB1EF794D1A36CB5761 /* Models */ = {
			isa = PBXGroup;
			children = (
				C813DE015DA19DD21DC2C6D8 /* APIModels.swift */,
				92E7736F66CD281DBBD3DD6F /* ScheduleItem.swift */,
			);
			path = Models;
			sourceTree = "<group>";
		};
		6EED11B22A0A2AE5D05EFF57 /* Products */ = {
			isa = PBXGroup;
			children = (
				B4CA4AE02D1FD7480B7DD4B7 /* Planote.app */,
				C608A305BA7B18B32A44B9C8 /* PlanoteShare.appex */,
			);
			name = Products;
			sourceTree = "<group>";
		};
		73D5B2B78E5477E30481FF62 /* Services */ = {
			isa = PBXGroup;
			children = (
				53400360A2B288AE7121E137 /* CalendarService.swift */,
				ECEC3F583D26E5B92EBC2B9D /* PlanoteAPIClient.swift */,
			);
			path = Services;
			sourceTree = "<group>";
		};
		79B7762A0B5F859D6B223D41 /* Planote */ = {
			isa = PBXGroup;
			children = (
				A4505414263CA76E374362A4 /* Assets.xcassets */,
				069FFB1662CAD2C13EE34C50 /* Info.plist */,
				69A8C5E23BC8ECCE920BD49D /* Planote.entitlements */,
				B0B0B89824F3CC59CC9453E5 /* App */,
				F57CDBA1C1907C339A5A6676 /* Components */,
				66AA1CB1EF794D1A36CB5761 /* Models */,
				73D5B2B78E5477E30481FF62 /* Services */,
				5AEAA81BCF5814AF86170B6A /* Theme */,
				A252005F2821E1778B2CA0B3 /* Views */,
			);
			path = Planote;
			sourceTree = "<group>";
		};
		A252005F2821E1778B2CA0B3 /* Views */ = {
			isa = PBXGroup;
			children = (
				CA7298EEC2CB1ED5575A05D3 /* CalendarView.swift */,
				426DE661D8374CBB90445835 /* ContentView.swift */,
				306507351E5D168AD91C0DC1 /* HomeView.swift */,
				953CE4F021178A076180CAD6 /* ReviewView.swift */,
				8BB5655E8B60BB8C7EC1DA0F /* ScanView.swift */,
			);
			path = Views;
			sourceTree = "<group>";
		};
		B0B0B89824F3CC59CC9453E5 /* App */ = {
			isa = PBXGroup;
			children = (
				877377DE8FCE5D9A85636378 /* PlanoteApp.swift */,
			);
			path = App;
			sourceTree = "<group>";
		};
		C8CA227DC36F8990E15B7D5C /* PlanoteShare */ = {
			isa = PBXGroup;
			children = (
				1336854DD28B48DE3911DDEB /* Info.plist */,
				5509075BCC2BB62DC64A27DD /* PlanoteShare.entitlements */,
				968DC1AEF8269F45FB5F91CB /* ShareViewController.swift */,
			);
			path = PlanoteShare;
			sourceTree = "<group>";
		};
		F57CDBA1C1907C339A5A6676 /* Components */ = {
			isa = PBXGroup;
			children = (
				3E340AD323ADFDAF3816F19E /* Components.swift */,
			);
			path = Components;
			sourceTree = "<group>";
		};
/* End PBXGroup section */

/* Begin PBXNativeTarget section */
		8BF39BC47ADB0F1EB5633EC1 /* PlanoteShare */ = {
			isa = PBXNativeTarget;
			buildConfigurationList = 0EEB22DBA33737D21085EC73 /* Build configuration list for PBXNativeTarget "PlanoteShare" */;
			buildPhases = (
				E79A1782409D06B71A8F0098 /* Sources */,
			);
			buildRules = (
			);
			dependencies = (
			);
			name = PlanoteShare;
			packageProductDependencies = (
			);
			productName = PlanoteShare;
			productReference = C608A305BA7B18B32A44B9C8 /* PlanoteShare.appex */;
			productType = "com.apple.product-type.app-extension";
		};
		FD090EB29AA4B8A891DC22FE /* Planote */ = {
			isa = PBXNativeTarget;
			buildConfigurationList = 520E181BDE9D894F2B6AB6B8 /* Build configuration list for PBXNativeTarget "Planote" */;
			buildPhases = (
				D901CC2615650B59920BF8BA /* Sources */,
				2C67C3AFFC6C6A61CA7D0B83 /* Resources */,
				E5E0315489CB45A57E9E3590 /* Embed Foundation Extensions */,
			);
			buildRules = (
			);
			dependencies = (
				F4E37EB19FEF87F9DC24544D /* PBXTargetDependency */,
			);
			name = Planote;
			packageProductDependencies = (
			);
			productName = Planote;
			productReference = B4CA4AE02D1FD7480B7DD4B7 /* Planote.app */;
			productType = "com.apple.product-type.application";
		};
/* End PBXNativeTarget section */

/* Begin PBXProject section */
		AB4BE2975F31353A260FBE4F /* Project object */ = {
			isa = PBXProject;
			attributes = {
				BuildIndependentTargetsInParallel = YES;
				LastUpgradeCheck = 1600;
			};
			buildConfigurationList = A119CE99D17D944933A5D975 /* Build configuration list for PBXProject "Planote" */;
			developmentRegion = en;
			hasScannedForEncodings = 0;
			knownRegions = (
				Base,
				en,
			);
			mainGroup = 62DA2D06A079FBB44F3425BB;
			minimizedProjectReferenceProxies = 1;
			preferredProjectObjectVersion = 77;
			productRefGroup = 6EED11B22A0A2AE5D05EFF57 /* Products */;
			projectDirPath = "";
			projectRoot = "";
			targets = (
				FD090EB29AA4B8A891DC22FE /* Planote */,
				8BF39BC47ADB0F1EB5633EC1 /* PlanoteShare */,
			);
		};
/* End PBXProject section */

/* Begin PBXResourcesBuildPhase section */
		2C67C3AFFC6C6A61CA7D0B83 /* Resources */ = {
			isa = PBXResourcesBuildPhase;
			buildActionMask = 2147483647;
			files = (
				DCB5E7EEF574D8C592F1B29D /* Assets.xcassets in Resources */,
			);
			runOnlyForDeploymentPostprocessing = 0;
		};
/* End PBXResourcesBuildPhase section */

/* Begin PBXSourcesBuildPhase section */
		D901CC2615650B59920BF8BA /* Sources */ = {
			isa = PBXSourcesBuildPhase;
			buildActionMask = 2147483647;
			files = (
				60D826C3D9A3DC96EC1099B5 /* APIModels.swift in Sources */,
				188BB691B496EC9D0DE7D495 /* CalendarService.swift in Sources */,
				E808734AB5D47B99BC726F46 /* CalendarView.swift in Sources */,
				B1E33C0E5686E27E8C9141C9 /* Components.swift in Sources */,
				FFFB4DE5F848830BDE4F7577 /* ContentView.swift in Sources */,
				5283149131FF794D4629741B /* HomeView.swift in Sources */,
				3D2D3905529A87AAB60BD6CA /* PlanoteAPIClient.swift in Sources */,
				18B68921319D2AD89748C74B /* PlanoteApp.swift in Sources */,
				E8ED51B4C40BF5B19EF0EA37 /* PlanoteTheme.swift in Sources */,
				D677B13EC0DDB63A4F6CD8AD /* ReviewView.swift in Sources */,
				98AC763D7621BF0BDC3189AF /* ScanView.swift in Sources */,
				3DDAED37C9D02822DD442687 /* ScheduleItem.swift in Sources */,
			);
			runOnlyForDeploymentPostprocessing = 0;
		};
		E79A1782409D06B71A8F0098 /* Sources */ = {
			isa = PBXSourcesBuildPhase;
			buildActionMask = 2147483647;
			files = (
				81DFAE8CDD34629932C112BC /* ShareViewController.swift in Sources */,
			);
			runOnlyForDeploymentPostprocessing = 0;
		};
/* End PBXSourcesBuildPhase section */

/* Begin PBXTargetDependency section */
		F4E37EB19FEF87F9DC24544D /* PBXTargetDependency */ = {
			isa = PBXTargetDependency;
			target = 8BF39BC47ADB0F1EB5633EC1 /* PlanoteShare */;
			targetProxy = 2E26DE3D4580A698D70D3567 /* PBXContainerItemProxy */;
		};
/* End PBXTargetDependency section */

/* Begin XCBuildConfiguration section */
		3D99753857602F60389585B3 /* Release */ = {
			isa = XCBuildConfiguration;
			buildSettings = {
				CODE_SIGN_ENTITLEMENTS = PlanoteShare/PlanoteShare.entitlements;
				CURRENT_PROJECT_VERSION = 1;
				DEVELOPMENT_TEAM = 8D3QB4UCUR;
				GENERATE_INFOPLIST_FILE = NO;
				INFOPLIST_FILE = PlanoteShare/Info.plist;
				LD_RUNPATH_SEARCH_PATHS = (
					"$(inherited)",
					"@executable_path/Frameworks",
					"@executable_path/../../Frameworks",
				);
				MARKETING_VERSION = 1.0.0;
				PRODUCT_BUNDLE_IDENTIFIER = com.planote.app.share;
				SDKROOT = iphoneos;
				SKIP_INSTALL = YES;
				TARGETED_DEVICE_FAMILY = "1,2";
			};
			name = Release;
		};
		430CE1D7F3428330CE1B9DAD /* Debug */ = {
			isa = XCBuildConfiguration;
			buildSettings = {
				ASSETCATALOG_COMPILER_APPICON_NAME = AppIcon;
				ASSETCATALOG_COMPILER_GLOBAL_ACCENT_COLOR_NAME = AccentColor;
				CODE_SIGN_ENTITLEMENTS = Planote/Planote.entitlements;
				CODE_SIGN_IDENTITY = "iPhone Developer";
				CURRENT_PROJECT_VERSION = 1;
				DEVELOPMENT_ASSET_PATHS = "\"Planote/Preview Content\"";
				GENERATE_INFOPLIST_FILE = NO;
				INFOPLIST_FILE = Planote/Info.plist;
				LD_RUNPATH_SEARCH_PATHS = (
					"$(inherited)",
					"@executable_path/Frameworks",
				);
				MARKETING_VERSION = 1.0.0;
				PRODUCT_BUNDLE_IDENTIFIER = com.planote.app;
				SDKROOT = iphoneos;
				SUPPORTED_PLATFORMS = "iphoneos iphonesimulator";
				SUPPORTS_MACCATALYST = NO;
				TARGETED_DEVICE_FAMILY = 1;
			};
			name = Debug;
		};
		54F038D670AC8EEC46AF55ED /* Debug */ = {
			isa = XCBuildConfiguration;
			buildSettings = {
				CODE_SIGN_ENTITLEMENTS = PlanoteShare/PlanoteShare.entitlements;
				CURRENT_PROJECT_VERSION = 1;
				GENERATE_INFOPLIST_FILE = NO;
				INFOPLIST_FILE = PlanoteShare/Info.plist;
				LD_RUNPATH_SEARCH_PATHS = (
					"$(inherited)",
					"@executable_path/Frameworks",
					"@executable_path/../../Frameworks",
				);
				MARKETING_VERSION = 1.0.0;
				PRODUCT_BUNDLE_IDENTIFIER = com.planote.app.share;
				SDKROOT = iphoneos;
				SKIP_INSTALL = YES;
				TARGETED_DEVICE_FAMILY = "1,2";
			};
			name = Debug;
		};
		7F7470D8F61EF39A3397F09E /* Release */ = {
			isa = XCBuildConfiguration;
			buildSettings = {
				ALWAYS_SEARCH_USER_PATHS = NO;
				CLANG_ANALYZER_NONNULL = YES;
				CLANG_ANALYZER_NUMBER_OBJECT_CONVERSION = YES_AGGRESSIVE;
				CLANG_CXX_LANGUAGE_STANDARD = "gnu++14";
				CLANG_CXX_LIBRARY = "libc++";
				CLANG_ENABLE_MODULES = YES;
				CLANG_ENABLE_OBJC_ARC = YES;
				CLANG_ENABLE_OBJC_WEAK = YES;
				CLANG_WARN_BLOCK_CAPTURE_AUTORELEASING = YES;
				CLANG_WARN_BOOL_CONVERSION = YES;
				CLANG_WARN_COMMA = YES;
				CLANG_WARN_CONSTANT_CONVERSION = YES;
				CLANG_WARN_DEPRECATED_OBJC_IMPLEMENTATIONS = YES;
				CLANG_WARN_DIRECT_OBJC_ISA_USAGE = YES_ERROR;
				CLANG_WARN_DOCUMENTATION_COMMENTS = YES;
				CLANG_WARN_EMPTY_BODY = YES;
				CLANG_WARN_ENUM_CONVERSION = YES;
				CLANG_WARN_INFINITE_RECURSION = YES;
				CLANG_WARN_INT_CONVERSION = YES;
				CLANG_WARN_NON_LITERAL_NULL_CONVERSION = YES;
				CLANG_WARN_OBJC_IMPLICIT_RETAIN_SELF = YES;
				CLANG_WARN_OBJC_LITERAL_CONVERSION = YES;
				CLANG_WARN_OBJC_ROOT_CLASS = YES_ERROR;
				CLANG_WARN_QUOTED_INCLUDE_IN_FRAMEWORK_HEADER = YES;
				CLANG_WARN_RANGE_LOOP_ANALYSIS = YES;
				CLANG_WARN_STRICT_PROTOTYPES = YES;
				CLANG_WARN_SUSPICIOUS_MOVE = YES;
				CLANG_WARN_UNGUARDED_AVAILABILITY = YES_AGGRESSIVE;
				CLANG_WARN_UNREACHABLE_CODE = YES;
				CLANG_WARN__DUPLICATE_METHOD_MATCH = YES;
				COPY_PHASE_STRIP = NO;
				DEBUG_INFORMATION_FORMAT = "dwarf-with-dsym";
				ENABLE_NS_ASSERTIONS = NO;
				ENABLE_STRICT_OBJC_MSGSEND = YES;
				GCC_C_LANGUAGE_STANDARD = gnu11;
				GCC_NO_COMMON_BLOCKS = YES;
				GCC_WARN_64_TO_32_BIT_CONVERSION = YES;
				GCC_WARN_ABOUT_RETURN_TYPE = YES_ERROR;
				GCC_WARN_UNDECLARED_SELECTOR = YES;
				GCC_WARN_UNINITIALIZED_AUTOS = YES_AGGRESSIVE;
				GCC_WARN_UNUSED_FUNCTION = YES;
				GCC_WARN_UNUSED_VARIABLE = YES;
				IPHONEOS_DEPLOYMENT_TARGET = 17.0;
				MTL_ENABLE_DEBUG_INFO = NO;
				MTL_FAST_MATH = YES;
				PRODUCT_NAME = "$(TARGET_NAME)";
				SDKROOT = iphoneos;
				SWIFT_COMPILATION_MODE = wholemodule;
				SWIFT_OPTIMIZATION_LEVEL = "-O";
				SWIFT_VERSION = 5.9;
				TARGETED_DEVICE_FAMILY = 1;
			};
			name = Release;
		};
		C1FC478CF75517D8A322E123 /* Release */ = {
			isa = XCBuildConfiguration;
			buildSettings = {
				ASSETCATALOG_COMPILER_APPICON_NAME = AppIcon;
				ASSETCATALOG_COMPILER_GLOBAL_ACCENT_COLOR_NAME = AccentColor;
				CODE_SIGN_ENTITLEMENTS = Planote/Planote.entitlements;
				CODE_SIGN_IDENTITY = "iPhone Developer";
				CURRENT_PROJECT_VERSION = 1;
				DEVELOPMENT_ASSET_PATHS = "\"Planote/Preview Content\"";
				DEVELOPMENT_TEAM = 8D3QB4UCUR;
				GENERATE_INFOPLIST_FILE = NO;
				INFOPLIST_FILE = Planote/Info.plist;
				LD_RUNPATH_SEARCH_PATHS = (
					"$(inherited)",
					"@executable_path/Frameworks",
				);
				MARKETING_VERSION = 1.0.0;
				PRODUCT_BUNDLE_IDENTIFIER = com.planote.app;
				SDKROOT = iphoneos;
				SUPPORTED_PLATFORMS = "iphoneos iphonesimulator";
				SUPPORTS_MACCATALYST = NO;
				TARGETED_DEVICE_FAMILY = 1;
			};
			name = Release;
		};
		F18258ACB8B9E05A4B85E932 /* Debug */ = {
			isa = XCBuildConfiguration;
			buildSettings = {
				ALWAYS_SEARCH_USER_PATHS = NO;
				CLANG_ANALYZER_NONNULL = YES;
				CLANG_ANALYZER_NUMBER_OBJECT_CONVERSION = YES_AGGRESSIVE;
				CLANG_CXX_LANGUAGE_STANDARD = "gnu++14";
				CLANG_CXX_LIBRARY = "libc++";
				CLANG_ENABLE_MODULES = YES;
				CLANG_ENABLE_OBJC_ARC = YES;
				CLANG_ENABLE_OBJC_WEAK = YES;
				CLANG_WARN_BLOCK_CAPTURE_AUTORELEASING = YES;
				CLANG_WARN_BOOL_CONVERSION = YES;
				CLANG_WARN_COMMA = YES;
				CLANG_WARN_CONSTANT_CONVERSION = YES;
				CLANG_WARN_DEPRECATED_OBJC_IMPLEMENTATIONS = YES;
				CLANG_WARN_DIRECT_OBJC_ISA_USAGE = YES_ERROR;
				CLANG_WARN_DOCUMENTATION_COMMENTS = YES;
				CLANG_WARN_EMPTY_BODY = YES;
				CLANG_WARN_ENUM_CONVERSION = YES;
				CLANG_WARN_INFINITE_RECURSION = YES;
				CLANG_WARN_INT_CONVERSION = YES;
				CLANG_WARN_NON_LITERAL_NULL_CONVERSION = YES;
				CLANG_WARN_OBJC_IMPLICIT_RETAIN_SELF = YES;
				CLANG_WARN_OBJC_LITERAL_CONVERSION = YES;
				CLANG_WARN_OBJC_ROOT_CLASS = YES_ERROR;
				CLANG_WARN_QUOTED_INCLUDE_IN_FRAMEWORK_HEADER = YES;
				CLANG_WARN_RANGE_LOOP_ANALYSIS = YES;
				CLANG_WARN_STRICT_PROTOTYPES = YES;
				CLANG_WARN_SUSPICIOUS_MOVE = YES;
				CLANG_WARN_UNGUARDED_AVAILABILITY = YES_AGGRESSIVE;
				CLANG_WARN_UNREACHABLE_CODE = YES;
				CLANG_WARN__DUPLICATE_METHOD_MATCH = YES;
				COPY_PHASE_STRIP = NO;
				DEBUG_INFORMATION_FORMAT = dwarf;
				ENABLE_STRICT_OBJC_MSGSEND = YES;
				ENABLE_TESTABILITY = YES;
				GCC_C_LANGUAGE_STANDARD = gnu11;
				GCC_DYNAMIC_NO_PIC = NO;
				GCC_NO_COMMON_BLOCKS = YES;
				GCC_OPTIMIZATION_LEVEL = 0;
				GCC_PREPROCESSOR_DEFINITIONS = (
					"$(inherited)",
					"DEBUG=1",
				);
				GCC_WARN_64_TO_32_BIT_CONVERSION = YES;
				GCC_WARN_ABOUT_RETURN_TYPE = YES_ERROR;
				GCC_WARN_UNDECLARED_SELECTOR = YES;
				GCC_WARN_UNINITIALIZED_AUTOS = YES_AGGRESSIVE;
				GCC_WARN_UNUSED_FUNCTION = YES;
				GCC_WARN_UNUSED_VARIABLE = YES;
				IPHONEOS_DEPLOYMENT_TARGET = 17.0;
				MTL_ENABLE_DEBUG_INFO = INCLUDE_SOURCE;
				MTL_FAST_MATH = YES;
				ONLY_ACTIVE_ARCH = YES;
				PRODUCT_NAME = "$(TARGET_NAME)";
				SDKROOT = iphoneos;
				SWIFT_ACTIVE_COMPILATION_CONDITIONS = DEBUG;
				SWIFT_OPTIMIZATION_LEVEL = "-Onone";
				SWIFT_VERSION = 5.9;
				TARGETED_DEVICE_FAMILY = 1;
			};
			name = Debug;
		};
/* End XCBuildConfiguration section */

/* Begin XCConfigurationList section */
		0EEB22DBA33737D21085EC73 /* Build configuration list for PBXNativeTarget "PlanoteShare" */ = {
			isa = XCConfigurationList;
			buildConfigurations = (
				54F038D670AC8EEC46AF55ED /* Debug */,
				3D99753857602F60389585B3 /* Release */,
			);
			defaultConfigurationIsVisible = 0;
			defaultConfigurationName = Debug;
		};
		520E181BDE9D894F2B6AB6B8 /* Build configuration list for PBXNativeTarget "Planote" */ = {
			isa = XCConfigurationList;
			buildConfigurations = (
				430CE1D7F3428330CE1B9DAD /* Debug */,
				C1FC478CF75517D8A322E123 /* Release */,
			);
			defaultConfigurationIsVisible = 0;
			defaultConfigurationName = Debug;
		};
		A119CE99D17D944933A5D975 /* Build configuration list for PBXProject "Planote" */ = {
			isa = XCConfigurationList;
			buildConfigurations = (
				F18258ACB8B9E05A4B85E932 /* Debug */,
				7F7470D8F61EF39A3397F09E /* Release */,
			);
			defaultConfigurationIsVisible = 0;
			defaultConfigurationName = Debug;
		};
/* End XCConfigurationList section */
	};
	rootObject = AB4BE2975F31353A260FBE4F /* Project object */;
}
